
Microsoft Visual Studio Solution File, Format Version 12.00
Project("{2150E333-8FDC-42A3-9474-1A3956D46DE8}") = "common", "common", "{F9F80778-F109-4124-9251-78295DB5FC4B}"
	ProjectSection(SolutionItems) = preProject
		.gitignore = .gitignore
		.gitmodules = .gitmodules
		Dockerfile = Dockerfile
		.github\workflows\docker-package-publish.yml = .github\workflows\docker-package-publish.yml
	EndProjectSection
EndProject
Project("{2150E333-8FDC-42A3-9474-1A3956D46DE8}") = "src", "src", "{BCA2A85C-3E30-46C0-8860-3B693CD3F9AB}"
EndProject
Project("{2150E333-8FDC-42A3-9474-1A3956D46DE8}") = "tests", "tests", "{7EAB5BCD-700A-4B81-8562-C59DA7C63A85}"
EndProject
Project("{FAE04EC0-301F-11D3-BF4B-00C04F79EFBC}") = "Gml.Web.Api", "src\Gml.Web.Api\Gml.Web.Api.csproj", "{D6759F0B-6F0A-42A9-9116-13A795AD0D9A}"
EndProject
Project("{FAE04EC0-301F-11D3-BF4B-00C04F79EFBC}") = "Gml.Web.Api.Dto", "src\Gml.Web.Api.Dto\Gml.Web.Api.Dto.csproj", "{71814FF1-8BFF-4411-98F8-6C463EB591C3}"
EndProject
Project("{FAE04EC0-301F-11D3-BF4B-00C04F79EFBC}") = "Gml.Web.Api.Domains", "src\Gml.Web.Api.Domains\Gml.Web.Api.Domains.csproj", "{3F746A35-1210-4E59-9D2F-E680E61EA320}"
EndProject
Project("{FAE04EC0-301F-11D3-BF4B-00C04F79EFBC}") = "CmlLib.Core.Installer.Forge", "src\Gml.Core\src\CmlLib.Core.Installer.Forge\CmlLib.Core.Installer.Forge\CmlLib.Core.Installer.Forge.csproj", "{47A16070-31DE-4FCC-8461-8DB3E42DF006}"
EndProject
Project("{2150E333-8FDC-42A3-9474-1A3956D46DE8}") = "submodules", "submodules", "{A1BA7FE1-1089-4BC9-A5CB-C6F5BF9F93E9}"
EndProject
Project("{2150E333-8FDC-42A3-9474-1A3956D46DE8}") = "domains", "domains", "{AE1347AB-C1CE-4790-9668-B027CC0CD35C}"
EndProject
Project("{FAE04EC0-301F-11D3-BF4B-00C04F79EFBC}") = "Gml.Web.Api.EndpointSDK", "src\Gml.Web.Api.EndpointSDK\Gml.Web.Api.EndpointSDK.csproj", "{3A8C8CEC-E6D8-465D-AC73-D89E54356847}"
EndProject
Project("{2150E333-8FDC-42A3-9474-1A3956D46DE8}") = "plugins", "plugins", "{5D559FD8-CE7E-46AC-A750-AA3B4E42BFE7}"
EndProject
Project("{FAE04EC0-301F-11D3-BF4B-00C04F79EFBC}") = "Gml.Web.Api.Plugins.Template", "src\Gml.Web.Api.Plugins.Template\Gml.Web.Api.Plugins.Template.csproj", "{A839659D-7795-4350-B002-BB010D9ED61E}"
EndProject
Project("{FAE04EC0-301F-11D3-BF4B-00C04F79EFBC}") = "Gml.Web.Api.Plugin.Avanguard", "src\Gml.Web.Api.Plugin.Avanguard\Gml.Web.Api.Plugin.Avanguard.csproj", "{ED0D1EEC-13D4-42CD-86E7-B138F65C4A31}"
EndProject
Project("{FAE04EC0-301F-11D3-BF4B-00C04F79EFBC}") = "Gml.Core.Interfaces", "src\Gml.Core\src\Gml.Core.Interfaces\Gml.Core.Interfaces.csproj", "{4EFA33EE-3D2F-4DD0-906D-759772F41FAF}"
EndProject
Project("{FAE04EC0-301F-11D3-BF4B-00C04F79EFBC}") = "CmlLib.Core", "src\Gml.Core\src\CmlLib.ExtendedCore\src\CmlLib.Core.csproj", "{F331AFAB-B5D9-4B19-BC12-891A38629D1F}"
EndProject
Project("{FAE04EC0-301F-11D3-BF4B-00C04F79EFBC}") = "Gml.Core", "src\Gml.Core\src\Gml.Core\Gml.Core.csproj", "{0263AFE5-EB47-4107-9829-CB9BC5162204}"
EndProject
Project("{FAE04EC0-301F-11D3-BF4B-00C04F79EFBC}") = "Pingo", "src\Gml.Core\src\Pingo\Pingo\Pingo.csproj", "{64A086CE-63F4-48B2-A8FF-0AD69817A757}"
EndProject
Project("{FAE04EC0-301F-11D3-BF4B-00C04F79EFBC}") = "Gml.Common", "src\Gml.Core\src\Gml.Common\Gml.Common\Gml.Common.csproj", "{D66A366E-7623-4B6C-8ABD-02365BA97437}"
EndProject
Project("{FAE04EC0-301F-11D3-BF4B-00C04F79EFBC}") = "Gml.WebApi.Tests", "tests\Gml.WebApi.Tests\Gml.WebApi.Tests.csproj", "{472B48FE-E10F-4924-BB8B-8B8B182F67F1}"
EndProject
Project("{FAE04EC0-301F-11D3-BF4B-00C04F79EFBC}") = "GmlCore.Tests", "src\Gml.Core\tests\GmlCore.Tests\GmlCore.Tests.csproj", "{62D14084-A345-4F9B-ABD6-FEA3B3B07F70}"
EndProject
Project("{FAE04EC0-301F-11D3-BF4B-00C04F79EFBC}") = "CmlLib.Core.Installer.NeoForge", "src\Gml.Core\src\CmlLib.Core.Installer.NeoForge\CmlLib.Core.Installer.NeoForge\CmlLib.Core.Installer.NeoForge.csproj", "{C003DD75-83EC-4D76-A1A7-904A5067FBC4}"
EndProject
Global
	GlobalSection(SolutionConfigurationPlatforms) = preSolution
		Debug|Any CPU = Debug|Any CPU
		Release|Any CPU = Release|Any CPU
	EndGlobalSection
	GlobalSection(ProjectConfigurationPlatforms) = postSolution
		{D6759F0B-6F0A-42A9-9116-13A795AD0D9A}.Debug|Any CPU.ActiveCfg = Debug|Any CPU
		{D6759F0B-6F0A-42A9-9116-13A795AD0D9A}.Debug|Any CPU.Build.0 = Debug|Any CPU
		{D6759F0B-6F0A-42A9-9116-13A795AD0D9A}.Release|Any CPU.ActiveCfg = Release|Any CPU
		{D6759F0B-6F0A-42A9-9116-13A795AD0D9A}.Release|Any CPU.Build.0 = Release|Any CPU
		{71814FF1-8BFF-4411-98F8-6C463EB591C3}.Debug|Any CPU.ActiveCfg = Debug|Any CPU
		{71814FF1-8BFF-4411-98F8-6C463EB591C3}.Debug|Any CPU.Build.0 = Debug|Any CPU
		{71814FF1-8BFF-4411-98F8-6C463EB591C3}.Release|Any CPU.ActiveCfg = Release|Any CPU
		{71814FF1-8BFF-4411-98F8-6C463EB591C3}.Release|Any CPU.Build.0 = Release|Any CPU
		{3F746A35-1210-4E59-9D2F-E680E61EA320}.Debug|Any CPU.ActiveCfg = Debug|Any CPU
		{3F746A35-1210-4E59-9D2F-E680E61EA320}.Debug|Any CPU.Build.0 = Debug|Any CPU
		{3F746A35-1210-4E59-9D2F-E680E61EA320}.Release|Any CPU.ActiveCfg = Release|Any CPU
		{3F746A35-1210-4E59-9D2F-E680E61EA320}.Release|Any CPU.Build.0 = Release|Any CPU
		{47A16070-31DE-4FCC-8461-8DB3E42DF006}.Debug|Any CPU.ActiveCfg = Debug|Any CPU
		{47A16070-31DE-4FCC-8461-8DB3E42DF006}.Debug|Any CPU.Build.0 = Debug|Any CPU
		{47A16070-31DE-4FCC-8461-8DB3E42DF006}.Release|Any CPU.ActiveCfg = Release|Any CPU
		{47A16070-31DE-4FCC-8461-8DB3E42DF006}.Release|Any CPU.Build.0 = Release|Any CPU
		{3A8C8CEC-E6D8-465D-AC73-D89E54356847}.Debug|Any CPU.ActiveCfg = Debug|Any CPU
		{3A8C8CEC-E6D8-465D-AC73-D89E54356847}.Debug|Any CPU.Build.0 = Debug|Any CPU
		{3A8C8CEC-E6D8-465D-AC73-D89E54356847}.Release|Any CPU.ActiveCfg = Release|Any CPU
		{3A8C8CEC-E6D8-465D-AC73-D89E54356847}.Release|Any CPU.Build.0 = Release|Any CPU
		{A839659D-7795-4350-B002-BB010D9ED61E}.Debug|Any CPU.ActiveCfg = Debug|Any CPU
		{A839659D-7795-4350-B002-BB010D9ED61E}.Debug|Any CPU.Build.0 = Debug|Any CPU
		{A839659D-7795-4350-B002-BB010D9ED61E}.Release|Any CPU.ActiveCfg = Release|Any CPU
		{A839659D-7795-4350-B002-BB010D9ED61E}.Release|Any CPU.Build.0 = Release|Any CPU
		{ED0D1EEC-13D4-42CD-86E7-B138F65C4A31}.Debug|Any CPU.ActiveCfg = Debug|Any CPU
		{ED0D1EEC-13D4-42CD-86E7-B138F65C4A31}.Debug|Any CPU.Build.0 = Debug|Any CPU
		{ED0D1EEC-13D4-42CD-86E7-B138F65C4A31}.Release|Any CPU.ActiveCfg = Release|Any CPU
		{ED0D1EEC-13D4-42CD-86E7-B138F65C4A31}.Release|Any CPU.Build.0 = Release|Any CPU
		{4EFA33EE-3D2F-4DD0-906D-759772F41FAF}.Debug|Any CPU.ActiveCfg = Debug|Any CPU
		{4EFA33EE-3D2F-4DD0-906D-759772F41FAF}.Debug|Any CPU.Build.0 = Debug|Any CPU
		{4EFA33EE-3D2F-4DD0-906D-759772F41FAF}.Release|Any CPU.ActiveCfg = Release|Any CPU
		{4EFA33EE-3D2F-4DD0-906D-759772F41FAF}.Release|Any CPU.Build.0 = Release|Any CPU
		{F331AFAB-B5D9-4B19-BC12-891A38629D1F}.Debug|Any CPU.ActiveCfg = Debug|Any CPU
		{F331AFAB-B5D9-4B19-BC12-891A38629D1F}.Debug|Any CPU.Build.0 = Debug|Any CPU
		{F331AFAB-B5D9-4B19-BC12-891A38629D1F}.Release|Any CPU.ActiveCfg = Release|Any CPU
		{F331AFAB-B5D9-4B19-BC12-891A38629D1F}.Release|Any CPU.Build.0 = Release|Any CPU
		{0263AFE5-EB47-4107-9829-CB9BC5162204}.Debug|Any CPU.ActiveCfg = Debug|Any CPU
		{0263AFE5-EB47-4107-9829-CB9BC5162204}.Debug|Any CPU.Build.0 = Debug|Any CPU
		{0263AFE5-EB47-4107-9829-CB9BC5162204}.Release|Any CPU.ActiveCfg = Release|Any CPU
		{0263AFE5-EB47-4107-9829-CB9BC5162204}.Release|Any CPU.Build.0 = Release|Any CPU
		{64A086CE-63F4-48B2-A8FF-0AD69817A757}.Debug|Any CPU.ActiveCfg = Debug|Any CPU
		{64A086CE-63F4-48B2-A8FF-0AD69817A757}.Debug|Any CPU.Build.0 = Debug|Any CPU
		{64A086CE-63F4-48B2-A8FF-0AD69817A757}.Release|Any CPU.ActiveCfg = Release|Any CPU
		{64A086CE-63F4-48B2-A8FF-0AD69817A757}.Release|Any CPU.Build.0 = Release|Any CPU
		{D66A366E-7623-4B6C-8ABD-02365BA97437}.Debug|Any CPU.ActiveCfg = Debug|Any CPU
		{D66A366E-7623-4B6C-8ABD-02365BA97437}.Debug|Any CPU.Build.0 = Debug|Any CPU
		{D66A366E-7623-4B6C-8ABD-02365BA97437}.Release|Any CPU.ActiveCfg = Release|Any CPU
		{D66A366E-7623-4B6C-8ABD-02365BA97437}.Release|Any CPU.Build.0 = Release|Any CPU
		{472B48FE-E10F-4924-BB8B-8B8B182F67F1}.Debug|Any CPU.ActiveCfg = Debug|Any CPU
		{472B48FE-E10F-4924-BB8B-8B8B182F67F1}.Debug|Any CPU.Build.0 = Debug|Any CPU
		{472B48FE-E10F-4924-BB8B-8B8B182F67F1}.Release|Any CPU.ActiveCfg = Release|Any CPU
		{472B48FE-E10F-4924-BB8B-8B8B182F67F1}.Release|Any CPU.Build.0 = Release|Any CPU
		{62D14084-A345-4F9B-ABD6-FEA3B3B07F70}.Debug|Any CPU.ActiveCfg = Debug|Any CPU
		{62D14084-A345-4F9B-ABD6-FEA3B3B07F70}.Debug|Any CPU.Build.0 = Debug|Any CPU
		{62D14084-A345-4F9B-ABD6-FEA3B3B07F70}.Release|Any CPU.ActiveCfg = Release|Any CPU
		{62D14084-A345-4F9B-ABD6-FEA3B3B07F70}.Release|Any CPU.Build.0 = Release|Any CPU
		{C003DD75-83EC-4D76-A1A7-904A5067FBC4}.Debug|Any CPU.ActiveCfg = Debug|Any CPU
		{C003DD75-83EC-4D76-A1A7-904A5067FBC4}.Debug|Any CPU.Build.0 = Debug|Any CPU
		{C003DD75-83EC-4D76-A1A7-904A5067FBC4}.Release|Any CPU.ActiveCfg = Release|Any CPU
		{C003DD75-83EC-4D76-A1A7-904A5067FBC4}.Release|Any CPU.Build.0 = Release|Any CPU
	EndGlobalSection
	GlobalSection(NestedProjects) = preSolution
		{D6759F0B-6F0A-42A9-9116-13A795AD0D9A} = {BCA2A85C-3E30-46C0-8860-3B693CD3F9AB}
		{47A16070-31DE-4FCC-8461-8DB3E42DF006} = {A1BA7FE1-1089-4BC9-A5CB-C6F5BF9F93E9}
		{3F746A35-1210-4E59-9D2F-E680E61EA320} = {AE1347AB-C1CE-4790-9668-B027CC0CD35C}
		{71814FF1-8BFF-4411-98F8-6C463EB591C3} = {AE1347AB-C1CE-4790-9668-B027CC0CD35C}
		{3A8C8CEC-E6D8-465D-AC73-D89E54356847} = {BCA2A85C-3E30-46C0-8860-3B693CD3F9AB}
		{A839659D-7795-4350-B002-BB010D9ED61E} = {5D559FD8-CE7E-46AC-A750-AA3B4E42BFE7}
		{ED0D1EEC-13D4-42CD-86E7-B138F65C4A31} = {5D559FD8-CE7E-46AC-A750-AA3B4E42BFE7}
		{4EFA33EE-3D2F-4DD0-906D-759772F41FAF} = {AE1347AB-C1CE-4790-9668-B027CC0CD35C}
		{F331AFAB-B5D9-4B19-BC12-891A38629D1F} = {A1BA7FE1-1089-4BC9-A5CB-C6F5BF9F93E9}
		{0263AFE5-EB47-4107-9829-CB9BC5162204} = {A1BA7FE1-1089-4BC9-A5CB-C6F5BF9F93E9}
		{64A086CE-63F4-48B2-A8FF-0AD69817A757} = {A1BA7FE1-1089-4BC9-A5CB-C6F5BF9F93E9}
		{D66A366E-7623-4B6C-8ABD-02365BA97437} = {A1BA7FE1-1089-4BC9-A5CB-C6F5BF9F93E9}
		{472B48FE-E10F-4924-BB8B-8B8B182F67F1} = {7EAB5BCD-700A-4B81-8562-C59DA7C63A85}
		{62D14084-A345-4F9B-ABD6-FEA3B3B07F70} = {7EAB5BCD-700A-4B81-8562-C59DA7C63A85}
		{C003DD75-83EC-4D76-A1A7-904A5067FBC4} = {A1BA7FE1-1089-4BC9-A5CB-C6F5BF9F93E9}
	EndGlobalSection
EndGlobal
