
Microsoft Visual Studio Solution File, Format Version 12.00
Project("{2150E333-8FDC-42A3-9474-1A3956D46DE8}") = "common", "common", "{F9F80778-F109-4124-9251-78295DB5FC4B}"
	ProjectSection(SolutionItems) = preProject
		.gitignore = .gitignore
		.gitmodules = .gitmodules
		.github\workflows\docker-image.yml = .github\workflows\docker-image.yml
		Dockerfile = Dockerfile
		.github\workflows\docker-package-publish.yml = .github\workflows\docker-package-publish.yml
	EndProjectSection
EndProject
Project("{2150E333-8FDC-42A3-9474-1A3956D46DE8}") = "src", "src", "{BCA2A85C-3E30-46C0-8860-3B693CD3F9AB}"
EndProject
Project("{2150E333-8FDC-42A3-9474-1A3956D46DE8}") = "tests", "tests", "{7EAB5BCD-700A-4B81-8562-C59DA7C63A85}"
EndProject
Project("{FAE04EC0-301F-11D3-BF4B-00C04F79EFBC}") = "Gml.Web.Api", "src\Gml.Web.Api\Gml.Web.Api.csproj", "{D6759F0B-6F0A-42A9-9116-13A795AD0D9A}"
EndProject
Project("{FAE04EC0-301F-11D3-BF4B-00C04F79EFBC}") = "Gml.Web.Api.Dto", "src\Gml.Web.Api.Dto\Gml.Web.Api.Dto.csproj", "{71814FF1-8BFF-4411-98F8-6C463EB591C3}"
EndProject
Project("{FAE04EC0-301F-11D3-BF4B-00C04F79EFBC}") = "Gml.Web.Api.Domains", "src\Gml.Web.Api.Domains\Gml.Web.Api.Domains.csproj", "{3F746A35-1210-4E59-9D2F-E680E61EA320}"
EndProject
Project("{FAE04EC0-301F-11D3-BF4B-00C04F79EFBC}") = "GmlCore", "src\Gml.Core\src\GmlCore\GmlCore.csproj", "{E77623FA-3ADD-48E5-B133-DACC4B4E9DAA}"
EndProject
Project("{FAE04EC0-301F-11D3-BF4B-00C04F79EFBC}") = "CmlLib.Core.Installer.Forge", "src\Gml.Core\src\CmlLib.Core.Installer.Forge\CmlLib.Core.Installer.Forge\CmlLib.Core.Installer.Forge.csproj", "{47A16070-31DE-4FCC-8461-8DB3E42DF006}"
EndProject
Project("{FAE04EC0-301F-11D3-BF4B-00C04F79EFBC}") = "GmlCore.Interfaces", "src\Gml.Core\src\GmlCore.Interfaces\GmlCore.Interfaces.csproj", "{9BA58CFC-0CDE-4A57-82C4-544EEE31534D}"
EndProject
Project("{FAE04EC0-301F-11D3-BF4B-00C04F79EFBC}") = "CmlLib", "src\Gml.Core\src\CmlLib.ExtendedCore\CmlLib\CmlLib.csproj", "{29A1E6C0-9948-4E7F-9658-C92DA844FCA9}"
EndProject
Project("{FAE04EC0-301F-11D3-BF4B-00C04F79EFBC}") = "Gml.Common", "src\Gml.Common\Gml.Common\Gml.Common.csproj", "{7F50DC5C-006B-43C6-8347-5FB56A2EECFA}"
EndProject
Project("{2150E333-8FDC-42A3-9474-1A3956D46DE8}") = "submodules", "submodules", "{A1BA7FE1-1089-4BC9-A5CB-C6F5BF9F93E9}"
EndProject
Project("{2150E333-8FDC-42A3-9474-1A3956D46DE8}") = "domains", "domains", "{AE1347AB-C1CE-4790-9668-B027CC0CD35C}"
EndProject
Project("{FAE04EC0-301F-11D3-BF4B-00C04F79EFBC}") = "Gml.Web.Api.EndpointSDK", "src\Gml.Web.Api.EndpointSDK\Gml.Web.Api.EndpointSDK.csproj", "{3A8C8CEC-E6D8-465D-AC73-D89E54356847}"
EndProject
Project("{2150E333-8FDC-42A3-9474-1A3956D46DE8}") = "plugins", "plugins", "{5D559FD8-CE7E-46AC-A750-AA3B4E42BFE7}"
EndProject
Project("{FAE04EC0-301F-11D3-BF4B-00C04F79EFBC}") = "Gml.Web.Api.Plugins.Template", "src\Gml.Web.Api.Plugins.Template\Gml.Web.Api.Plugins.Template.csproj", "{A839659D-7795-4350-B002-BB010D9ED61E}"
EndProject
Project("{FAE04EC0-301F-11D3-BF4B-00C04F79EFBC}") = "Gml.Web.Api.Plugin.Avanguard", "Gml.Web.Api.Plugin.Avanguard\Gml.Web.Api.Plugin.Avanguard.csproj", "{CC413233-C35F-41A5-9E97-8E778D7A6BA3}"
EndProject
Global
	GlobalSection(SolutionConfigurationPlatforms) = preSolution
		Debug|Any CPU = Debug|Any CPU
		Release|Any CPU = Release|Any CPU
	EndGlobalSection
	GlobalSection(ProjectConfigurationPlatforms) = postSolution
		{D6759F0B-6F0A-42A9-9116-13A795AD0D9A}.Debug|Any CPU.ActiveCfg = Debug|Any CPU
		{D6759F0B-6F0A-42A9-9116-13A795AD0D9A}.Debug|Any CPU.Build.0 = Debug|Any CPU
		{D6759F0B-6F0A-42A9-9116-13A795AD0D9A}.Release|Any CPU.ActiveCfg = Release|Any CPU
		{D6759F0B-6F0A-42A9-9116-13A795AD0D9A}.Release|Any CPU.Build.0 = Release|Any CPU
		{71814FF1-8BFF-4411-98F8-6C463EB591C3}.Debug|Any CPU.ActiveCfg = Debug|Any CPU
		{71814FF1-8BFF-4411-98F8-6C463EB591C3}.Debug|Any CPU.Build.0 = Debug|Any CPU
		{71814FF1-8BFF-4411-98F8-6C463EB591C3}.Release|Any CPU.ActiveCfg = Release|Any CPU
		{71814FF1-8BFF-4411-98F8-6C463EB591C3}.Release|Any CPU.Build.0 = Release|Any CPU
		{3F746A35-1210-4E59-9D2F-E680E61EA320}.Debug|Any CPU.ActiveCfg = Debug|Any CPU
		{3F746A35-1210-4E59-9D2F-E680E61EA320}.Debug|Any CPU.Build.0 = Debug|Any CPU
		{3F746A35-1210-4E59-9D2F-E680E61EA320}.Release|Any CPU.ActiveCfg = Release|Any CPU
		{3F746A35-1210-4E59-9D2F-E680E61EA320}.Release|Any CPU.Build.0 = Release|Any CPU
		{E77623FA-3ADD-48E5-B133-DACC4B4E9DAA}.Debug|Any CPU.ActiveCfg = Debug|Any CPU
		{E77623FA-3ADD-48E5-B133-DACC4B4E9DAA}.Debug|Any CPU.Build.0 = Debug|Any CPU
		{E77623FA-3ADD-48E5-B133-DACC4B4E9DAA}.Release|Any CPU.ActiveCfg = Release|Any CPU
		{E77623FA-3ADD-48E5-B133-DACC4B4E9DAA}.Release|Any CPU.Build.0 = Release|Any CPU
		{47A16070-31DE-4FCC-8461-8DB3E42DF006}.Debug|Any CPU.ActiveCfg = Debug|Any CPU
		{47A16070-31DE-4FCC-8461-8DB3E42DF006}.Debug|Any CPU.Build.0 = Debug|Any CPU
		{47A16070-31DE-4FCC-8461-8DB3E42DF006}.Release|Any CPU.ActiveCfg = Release|Any CPU
		{47A16070-31DE-4FCC-8461-8DB3E42DF006}.Release|Any CPU.Build.0 = Release|Any CPU
		{9BA58CFC-0CDE-4A57-82C4-544EEE31534D}.Debug|Any CPU.ActiveCfg = Debug|Any CPU
		{9BA58CFC-0CDE-4A57-82C4-544EEE31534D}.Debug|Any CPU.Build.0 = Debug|Any CPU
		{9BA58CFC-0CDE-4A57-82C4-544EEE31534D}.Release|Any CPU.ActiveCfg = Release|Any CPU
		{9BA58CFC-0CDE-4A57-82C4-544EEE31534D}.Release|Any CPU.Build.0 = Release|Any CPU
		{29A1E6C0-9948-4E7F-9658-C92DA844FCA9}.Debug|Any CPU.ActiveCfg = Debug|Any CPU
		{29A1E6C0-9948-4E7F-9658-C92DA844FCA9}.Debug|Any CPU.Build.0 = Debug|Any CPU
		{29A1E6C0-9948-4E7F-9658-C92DA844FCA9}.Release|Any CPU.ActiveCfg = Release|Any CPU
		{29A1E6C0-9948-4E7F-9658-C92DA844FCA9}.Release|Any CPU.Build.0 = Release|Any CPU
		{7F50DC5C-006B-43C6-8347-5FB56A2EECFA}.Debug|Any CPU.ActiveCfg = Debug|Any CPU
		{7F50DC5C-006B-43C6-8347-5FB56A2EECFA}.Debug|Any CPU.Build.0 = Debug|Any CPU
		{7F50DC5C-006B-43C6-8347-5FB56A2EECFA}.Release|Any CPU.ActiveCfg = Release|Any CPU
		{7F50DC5C-006B-43C6-8347-5FB56A2EECFA}.Release|Any CPU.Build.0 = Release|Any CPU
		{3A8C8CEC-E6D8-465D-AC73-D89E54356847}.Debug|Any CPU.ActiveCfg = Debug|Any CPU
		{3A8C8CEC-E6D8-465D-AC73-D89E54356847}.Debug|Any CPU.Build.0 = Debug|Any CPU
		{3A8C8CEC-E6D8-465D-AC73-D89E54356847}.Release|Any CPU.ActiveCfg = Release|Any CPU
		{3A8C8CEC-E6D8-465D-AC73-D89E54356847}.Release|Any CPU.Build.0 = Release|Any CPU
		{A839659D-7795-4350-B002-BB010D9ED61E}.Debug|Any CPU.ActiveCfg = Debug|Any CPU
		{A839659D-7795-4350-B002-BB010D9ED61E}.Debug|Any CPU.Build.0 = Debug|Any CPU
		{A839659D-7795-4350-B002-BB010D9ED61E}.Release|Any CPU.ActiveCfg = Release|Any CPU
		{A839659D-7795-4350-B002-BB010D9ED61E}.Release|Any CPU.Build.0 = Release|Any CPU
		{CC413233-C35F-41A5-9E97-8E778D7A6BA3}.Debug|Any CPU.ActiveCfg = Debug|Any CPU
		{CC413233-C35F-41A5-9E97-8E778D7A6BA3}.Debug|Any CPU.Build.0 = Debug|Any CPU
		{CC413233-C35F-41A5-9E97-8E778D7A6BA3}.Release|Any CPU.ActiveCfg = Release|Any CPU
		{CC413233-C35F-41A5-9E97-8E778D7A6BA3}.Release|Any CPU.Build.0 = Release|Any CPU
	EndGlobalSection
	GlobalSection(NestedProjects) = preSolution
		{D6759F0B-6F0A-42A9-9116-13A795AD0D9A} = {BCA2A85C-3E30-46C0-8860-3B693CD3F9AB}
		{29A1E6C0-9948-4E7F-9658-C92DA844FCA9} = {A1BA7FE1-1089-4BC9-A5CB-C6F5BF9F93E9}
		{47A16070-31DE-4FCC-8461-8DB3E42DF006} = {A1BA7FE1-1089-4BC9-A5CB-C6F5BF9F93E9}
		{7F50DC5C-006B-43C6-8347-5FB56A2EECFA} = {A1BA7FE1-1089-4BC9-A5CB-C6F5BF9F93E9}
		{E77623FA-3ADD-48E5-B133-DACC4B4E9DAA} = {A1BA7FE1-1089-4BC9-A5CB-C6F5BF9F93E9}
		{9BA58CFC-0CDE-4A57-82C4-544EEE31534D} = {A1BA7FE1-1089-4BC9-A5CB-C6F5BF9F93E9}
		{3F746A35-1210-4E59-9D2F-E680E61EA320} = {AE1347AB-C1CE-4790-9668-B027CC0CD35C}
		{71814FF1-8BFF-4411-98F8-6C463EB591C3} = {AE1347AB-C1CE-4790-9668-B027CC0CD35C}
		{3A8C8CEC-E6D8-465D-AC73-D89E54356847} = {BCA2A85C-3E30-46C0-8860-3B693CD3F9AB}
		{A839659D-7795-4350-B002-BB010D9ED61E} = {5D559FD8-CE7E-46AC-A750-AA3B4E42BFE7}
		{CC413233-C35F-41A5-9E97-8E778D7A6BA3} = {5D559FD8-CE7E-46AC-A750-AA3B4E42BFE7}
	EndGlobalSection
EndGlobal
