
Microsoft Visual Studio Solution File, Format Version 12.00
Project("{2150E333-8FDC-42A3-9474-1A3956D46DE8}") = "common", "common", "{F9F80778-F109-4124-9251-78295DB5FC4B}"
	ProjectSection(SolutionItems) = preProject
		.gitignore = .gitignore
		.gitmodules = .gitmodules
	EndProjectSection
EndProject
Project("{2150E333-8FDC-42A3-9474-1A3956D46DE8}") = "src", "src", "{BCA2A85C-3E30-46C0-8860-3B693CD3F9AB}"
EndProject
Project("{2150E333-8FDC-42A3-9474-1A3956D46DE8}") = "tests", "tests", "{7EAB5BCD-700A-4B81-8562-C59DA7C63A85}"
EndProject
Project("{FAE04EC0-301F-11D3-BF4B-00C04F79EFBC}") = "Gml.Web.Api", "src\Gml.Web.Api\Gml.Web.Api.csproj", "{D6759F0B-6F0A-42A9-9116-13A795AD0D9A}"
EndProject
Project("{FAE04EC0-301F-11D3-BF4B-00C04F79EFBC}") = "Gml.Web.Api.Dto", "src\Gml.Web.Api.Dto\Gml.Web.Api.Dto.csproj", "{71814FF1-8BFF-4411-98F8-6C463EB591C3}"
EndProject
Project("{FAE04EC0-301F-11D3-BF4B-00C04F79EFBC}") = "Gml.Web.Api.Domains", "src\Gml.Web.Api.Domains\Gml.Web.Api.Domains.csproj", "{3F746A35-1210-4E59-9D2F-E680E61EA320}"
EndProject
Global
	GlobalSection(SolutionConfigurationPlatforms) = preSolution
		Debug|Any CPU = Debug|Any CPU
		Release|Any CPU = Release|Any CPU
	EndGlobalSection
	GlobalSection(ProjectConfigurationPlatforms) = postSolution
		{D6759F0B-6F0A-42A9-9116-13A795AD0D9A}.Debug|Any CPU.ActiveCfg = Debug|Any CPU
		{D6759F0B-6F0A-42A9-9116-13A795AD0D9A}.Debug|Any CPU.Build.0 = Debug|Any CPU
		{D6759F0B-6F0A-42A9-9116-13A795AD0D9A}.Release|Any CPU.ActiveCfg = Release|Any CPU
		{D6759F0B-6F0A-42A9-9116-13A795AD0D9A}.Release|Any CPU.Build.0 = Release|Any CPU
		{71814FF1-8BFF-4411-98F8-6C463EB591C3}.Debug|Any CPU.ActiveCfg = Debug|Any CPU
		{71814FF1-8BFF-4411-98F8-6C463EB591C3}.Debug|Any CPU.Build.0 = Debug|Any CPU
		{71814FF1-8BFF-4411-98F8-6C463EB591C3}.Release|Any CPU.ActiveCfg = Release|Any CPU
		{71814FF1-8BFF-4411-98F8-6C463EB591C3}.Release|Any CPU.Build.0 = Release|Any CPU
		{3F746A35-1210-4E59-9D2F-E680E61EA320}.Debug|Any CPU.ActiveCfg = Debug|Any CPU
		{3F746A35-1210-4E59-9D2F-E680E61EA320}.Debug|Any CPU.Build.0 = Debug|Any CPU
		{3F746A35-1210-4E59-9D2F-E680E61EA320}.Release|Any CPU.ActiveCfg = Release|Any CPU
		{3F746A35-1210-4E59-9D2F-E680E61EA320}.Release|Any CPU.Build.0 = Release|Any CPU
	EndGlobalSection
	GlobalSection(NestedProjects) = preSolution
		{D6759F0B-6F0A-42A9-9116-13A795AD0D9A} = {BCA2A85C-3E30-46C0-8860-3B693CD3F9AB}
		{71814FF1-8BFF-4411-98F8-6C463EB591C3} = {BCA2A85C-3E30-46C0-8860-3B693CD3F9AB}
		{3F746A35-1210-4E59-9D2F-E680E61EA320} = {BCA2A85C-3E30-46C0-8860-3B693CD3F9AB}
	EndGlobalSection
EndGlobal
